
Microsoft Visual Studio Solution File, Format Version 12.00
# Visual Studio 15
VisualStudioVersion = 15.0.26730.10
MinimumVisualStudioVersion = 10.0.40219.1
Project("{FAE04EC0-301F-11D3-BF4B-00C04F79EFBC}") = "LivetEx", "LivetEx\LivetEx.csproj", "{0EF98261-40BF-45A5-B990-8DAC1DE43D67}"
EndProject
Project("{FAE04EC0-301F-11D3-BF4B-00C04F79EFBC}") = "LivetExTests", "LivetExTests\LivetExTests.csproj", "{C062EDD7-DCD9-4FC5-BB9B-C2B5E9322B30}"
EndProject
Global
	GlobalSection(SolutionConfigurationPlatforms) = preSolution
		Debug|Any CPU = Debug|Any CPU
		Release|Any CPU = Release|Any CPU
		Remote|Any CPU = Remote|Any CPU
	EndGlobalSection
	GlobalSection(ProjectConfigurationPlatforms) = postSolution
		{0EF98261-40BF-45A5-B990-8DAC1DE43D67}.Debug|Any CPU.ActiveCfg = Debug|Any CPU
		{0EF98261-40BF-45A5-B990-8DAC1DE43D67}.Debug|Any CPU.Build.0 = Debug|Any CPU
		{0EF98261-40BF-45A5-B990-8DAC1DE43D67}.Release|Any CPU.ActiveCfg = Release|Any CPU
		{0EF98261-40BF-45A5-B990-8DAC1DE43D67}.Release|Any CPU.Build.0 = Release|Any CPU
		{0EF98261-40BF-45A5-B990-8DAC1DE43D67}.Remote|Any CPU.ActiveCfg = Release|Any CPU
		{0EF98261-40BF-45A5-B990-8DAC1DE43D67}.Remote|Any CPU.Build.0 = Release|Any CPU
		{C062EDD7-DCD9-4FC5-BB9B-C2B5E9322B30}.Debug|Any CPU.ActiveCfg = Debug|Any CPU
		{C062EDD7-DCD9-4FC5-BB9B-C2B5E9322B30}.Debug|Any CPU.Build.0 = Debug|Any CPU
		{C062EDD7-DCD9-4FC5-BB9B-C2B5E9322B30}.Release|Any CPU.ActiveCfg = Release|Any CPU
		{C062EDD7-DCD9-4FC5-BB9B-C2B5E9322B30}.Release|Any CPU.Build.0 = Release|Any CPU
		{C062EDD7-DCD9-4FC5-BB9B-C2B5E9322B30}.Remote|Any CPU.ActiveCfg = Release|Any CPU
		{C062EDD7-DCD9-4FC5-BB9B-C2B5E9322B30}.Remote|Any CPU.Build.0 = Release|Any CPU
	EndGlobalSection
	GlobalSection(SolutionProperties) = preSolution
		HideSolutionNode = FALSE
	EndGlobalSection
	GlobalSection(ExtensibilityGlobals) = postSolution
		SolutionGuid = {5DDD4696-D884-4157-9964-0366649AA1BD}
	EndGlobalSection
EndGlobal
